{
    "name": "@master/angular-file-center",
    "version": "0.0.1",
    "lockfileVersion": 1,
    "requires": true,
    "dependencies": {
        "@master/dom": {
            "version": "1.0.4",
            "resolved": "https://registry.npmjs.org/@master/dom/-/dom-1.0.4.tgz",
            "integrity": "sha512-2nZNh6sce0+5AIFPM2c+JuVffSZpFsoyUHo6q4KxNPsxe49weOdzcU+E+Y3FKadro+6/780r0Vn/5T6PhcavCg=="
        },
        "@master/element": {
            "version": "1.0.2",
            "resolved": "https://registry.npmjs.org/@master/element/-/element-1.0.2.tgz",
            "integrity": "sha512-vsUeBNjwRXczwfu0BJGx4F9ANa4WfS/mNrNagLyt6o00GzhFLluc9Ti1hWX17LOmjZXPG7sfT/KeOR8WfbqjBA==",
            "requires": {
                "@master/dom": "~1.0.0",
                "reflect-metadata": "^0.1.13"
            }
        },
        "@master/template": {
            "version": "1.0.0",
            "resolved": "https://registry.npmjs.org/@master/template/-/template-1.0.0.tgz",
            "integrity": "sha512-vsguMFpVryq8Qk7VBWtc5ArhErfKF63DI0XJJcW59DA4F/fSiwh/P2P+dT8cWuwPORBfaYVgpj5U5lbdmweizw==",
            "requires": {
                "@master/dom": "~1.0.0"
            }
        },
        "@master/ui": {
            "version": "1.0.0-alpha.3",
            "resolved": "https://registry.npmjs.org/@master/ui/-/ui-1.0.0-alpha.3.tgz",
            "integrity": "sha512-ustmeRSLJolpIueLXgbq51YAiAcnjJrboJl3N53rHIh2WvUUYaBmS7+FGm4qDLIIlX85PYC7nR1SKaq0OmK1RA==",
            "requires": {
                "@master/dom": "~1.0.0",
                "@master/element": "~1.0.0",
                "@master/template": "~1.0.0",
                "@popperjs/core": "^2.5.4",
                "body-scroll-lock": "^3.1.5"
            }
        },
        "@ngx-translate/core": {
            "version": "13.0.0",
            "resolved": "https://registry.npmjs.org/@ngx-translate/core/-/core-13.0.0.tgz",
            "integrity": "sha512-+tzEp8wlqEnw0Gc7jtVRAJ6RteUjXw6JJR4O65KlnxOmJrCGPI0xjV/lKRnQeU0w4i96PQs/jtpL921Wrb7PWg==",
            "requires": {
                "tslib": "^2.0.0"
            },
            "dependencies": {
                "tslib": {
                    "version": "2.1.0",
                    "resolved": "https://registry.npmjs.org/tslib/-/tslib-2.1.0.tgz",
                    "integrity": "sha512-hcVC3wYEziELGGmEEXue7D75zbwIIVUMWAVbHItGPx0ziyXxrOMQx4rQEVEV45Ut/1IotuEvwqPopzIOkDMf0A=="
                }
            }
        },
        "@popperjs/core": {
            "version": "2.7.1",
            "resolved": "https://registry.npmjs.org/@popperjs/core/-/core-2.7.1.tgz",
            "integrity": "sha512-XIZz4RLgu+Kzeq5l/YQ/ULd0hKSEXJ8hZg7YdPyxuZDXEkljhCOx6rIZl7FKrbPgZV+usJtro8kuCQ9T8nAEyA=="
        },
        "body-scroll-lock": {
            "version": "3.1.5",
            "resolved": "https://registry.npmjs.org/body-scroll-lock/-/body-scroll-lock-3.1.5.tgz",
            "integrity": "sha512-Yi1Xaml0EvNA0OYWxXiYNqY24AfWkbA6w5vxE7GWxtKfzIbZM+Qw+aSmkgsbWzbHiy/RCSkUZBplVxTA+E4jJg=="
        },
        "filesize": {
            "version": "6.1.0",
            "resolved": "https://registry.npmjs.org/filesize/-/filesize-6.1.0.tgz",
            "integrity": "sha512-LpCHtPQ3sFx67z+uh2HnSyWSLLu5Jxo21795uRDuar/EOuYWXib5EmPaGIBuSnRqH2IODiKA2k5re/K9OnN/Yg=="
        },
        "lodash-es": {
            "version": "4.17.20",
            "resolved": "https://registry.npmjs.org/lodash-es/-/lodash-es-4.17.20.tgz",
            "integrity": "sha512-JD1COMZsq8maT6mnuz1UMV0jvYD0E0aUsSOdrr1/nAG3dhqQXwRRgeW0cSqH1U43INKcqxaiVIQNOUDld7gRDA=="
        },
        "ngx-filesize": {
            "version": "2.0.16",
            "resolved": "https://registry.npmjs.org/ngx-filesize/-/ngx-filesize-2.0.16.tgz",
            "integrity": "sha512-VdaCirE7hSyfQh8ZEmhzNEhbddiTYUHF4V6OX+KyTmnQSVx4hp9kmzDX5YlkIlmClI6wI+LZmH9/q7XS3fsMPA==",
            "requires": {
                "filesize": ">= 4.0.0",
                "tslib": "^2.0.0"
            },
            "dependencies": {
                "tslib": {
                    "version": "2.1.0",
                    "resolved": "https://registry.npmjs.org/tslib/-/tslib-2.1.0.tgz",
                    "integrity": "sha512-hcVC3wYEziELGGmEEXue7D75zbwIIVUMWAVbHItGPx0ziyXxrOMQx4rQEVEV45Ut/1IotuEvwqPopzIOkDMf0A=="
                }
            }
        },
        "reflect-metadata": {
            "version": "0.1.13",
            "resolved": "https://registry.npmjs.org/reflect-metadata/-/reflect-metadata-0.1.13.tgz",
            "integrity": "sha512-Ts1Y/anZELhSsjMcU605fU9RE4Oi3p5ORujwbIKXfWa+0Zxs510Qrmrce5/Jowq3cHSZSJqBjypxmHarc+vEWg=="
        }
    }
}
